
Microsoft Visual Studio Solution File, Format Version 12.00
# Visual Studio 2013
VisualStudioVersion = 12.0.31101.0
MinimumVisualStudioVersion = 10.0.40219.1
Project("{FAE04EC0-301F-11D3-BF4B-00C04F79EFBC}") = "WebAPI_for_Anugular_Restaurant", "WebAPI_for_Anugular_Restaurant.csproj", "{4B45D6F9-07D6-4E8A-86BC-F5C3A097BB38}"
EndProject
Global
	GlobalSection(SolutionConfigurationPlatforms) = preSolution
		Debug|Any CPU = Debug|Any CPU
		Release|Any CPU = Release|Any CPU
	EndGlobalSection
	GlobalSection(ProjectConfigurationPlatforms) = postSolution
		{4B45D6F9-07D6-4E8A-86BC-F5C3A097BB38}.Debug|Any CPU.ActiveCfg = Debug|Any CPU
		{4B45D6F9-07D6-4E8A-86BC-F5C3A097BB38}.Debug|Any CPU.Build.0 = Debug|Any CPU
		{4B45D6F9-07D6-4E8A-86BC-F5C3A097BB38}.Release|Any CPU.ActiveCfg = Release|Any CPU
		{4B45D6F9-07D6-4E8A-86BC-F5C3A097BB38}.Release|Any CPU.Build.0 = Release|Any CPU
	EndGlobalSection
	GlobalSection(SolutionProperties) = preSolution
		HideSolutionNode = FALSE
	EndGlobalSection
EndGlobal
